// !$*UTF8*$!
{
	archiveVersion = 1;
	classes = {
	};
	objectVersion = 50;
	objects = {

/* Begin PBXBuildFile section */
		EA4BDFC6234CEE32009E92C6 /* AppDelegate.swift in Sources */ = {isa = PBXBuildFile; fileRef = EA4BDFC5234CEE32009E92C6 /* AppDelegate.swift */; };
		EA4BDFC8234CEE32009E92C6 /* ViewController.swift in Sources */ = {isa = PBXBuildFile; fileRef = EA4BDFC7234CEE32009E92C6 /* ViewController.swift */; };
		EA4BDFCB234CEE32009E92C6 /* Main.storyboard in Resources */ = {isa = PBXBuildFile; fileRef = EA4BDFC9234CEE32009E92C6 /* Main.storyboard */; };
		EA4BDFCD234CEE33009E92C6 /* Assets.xcassets in Resources */ = {isa = PBXBuildFile; fileRef = EA4BDFCC234CEE33009E92C6 /* Assets.xcassets */; };
		EA4BDFD0234CEE33009E92C6 /* LaunchScreen.storyboard in Resources */ = {isa = PBXBuildFile; fileRef = EA4BDFCE234CEE33009E92C6 /* LaunchScreen.storyboard */; };
		EA4BDFD8234CEE51009E92C6 /* SelectableLabel.swift in Sources */ = {isa = PBXBuildFile; fileRef = EA4BDFD7234CEE51009E92C6 /* SelectableLabel.swift */; };
		EA4BDFDA234DEAB7009E92C6 /* AVSpeechSynthesizer+Shared.swift in Sources */ = {isa = PBXBuildFile; fileRef = EA4BDFD9234DEAB7009E92C6 /* AVSpeechSynthesizer+Shared.swift */; };
/* End PBXBuildFile section */

/* Begin PBXFileReference section */
		EA4BDFC2234CEE32009E92C6 /* SelectableLabel.app */ = {isa = PBXFileReference; explicitFileType = wrapper.application; includeInIndex = 0; path = SelectableLabel.app; sourceTree = BUILT_PRODUCTS_DIR; };
		EA4BDFC5234CEE32009E92C6 /* AppDelegate.swift */ = {isa = PBXFileReference; lastKnownFileType = sourcecode.swift; path = AppDelegate.swift; sourceTree = "<group>"; };
		EA4BDFC7234CEE32009E92C6 /* ViewController.swift */ = {isa = PBXFileReference; lastKnownFileType = sourcecode.swift; path = ViewController.swift; sourceTree = "<group>"; };
		EA4BDFCA234CEE32009E92C6 /* Base */ = {isa = PBXFileReference; lastKnownFileType = file.storyboard; name = Base; path = Base.lproj/Main.storyboard; sourceTree = "<group>"; };
		EA4BDFCC234CEE33009E92C6 /* Assets.xcassets */ = {isa = PBXFileReference; lastKnownFileType = folder.assetcatalog; path = Assets.xcassets; sourceTree = "<group>"; };
		EA4BDFCF234CEE33009E92C6 /* Base */ = {isa = PBXFileReference; lastKnownFileType = file.storyboard; name = Base; path = Base.lproj/LaunchScreen.storyboard; sourceTree = "<group>"; };
		EA4BDFD1234CEE33009E92C6 /* Info.plist */ = {isa = PBXFileReference; lastKnownFileType = text.plist.xml; path = Info.plist; sourceTree = "<group>"; };
		EA4BDFD7234CEE51009E92C6 /* SelectableLabel.swift */ = {isa = PBXFileReference; lastKnownFileType = sourcecode.swift; path = SelectableLabel.swift; sourceTree = "<group>"; };
		EA4BDFD9234DEAB7009E92C6 /* AVSpeechSynthesizer+Shared.swift */ = {isa = PBXFileReference; lastKnownFileType = sourcecode.swift; path = "AVSpeechSynthesizer+Shared.swift"; sourceTree = "<group>"; };
/* End PBXFileReference section */

/* Begin PBXFrameworksBuildPhase section */
		EA4BDFBF234CEE32009E92C6 /* Frameworks */ = {
			isa = PBXFrameworksBuildPhase;
			buildActionMask = 2147483647;
			files = (
			);
			runOnlyForDeploymentPostprocessing = 0;
		};
/* End PBXFrameworksBuildPhase section */

/* Begin PBXGroup section */
		EA4BDFB9234CEE32009E92C6 = {
			isa = PBXGroup;
			children = (
				EA4BDFC4234CEE32009E92C6 /* SelectableLabel */,
				EA4BDFC3234CEE32009E92C6 /* Products */,
			);
			sourceTree = "<group>";
		};
		EA4BDFC3234CEE32009E92C6 /* Products */ = {
			isa = PBXGroup;
			children = (
				EA4BDFC2234CEE32009E92C6 /* SelectableLabel.app */,
			);
			name = Products;
			sourceTree = "<group>";
		};
		EA4BDFC4234CEE32009E92C6 /* SelectableLabel */ = {
			isa = PBXGroup;
			children = (
				EA4BDFD7234CEE51009E92C6 /* SelectableLabel.swift */,
				EA4BDFD9234DEAB7009E92C6 /* AVSpeechSynthesizer+Shared.swift */,
				EA4BDFDB234DEAE9009E92C6 /* Supporting Files */,
			);
			path = SelectableLabel;
			sourceTree = "<group>";
		};
		EA4BDFDB234DEAE9009E92C6 /* Supporting Files */ = {
			isa = PBXGroup;
			children = (
				EA4BDFC5234CEE32009E92C6 /* AppDelegate.swift */,
				EA4BDFC7234CEE32009E92C6 /* ViewController.swift */,
				EA4BDFC9234CEE32009E92C6 /* Main.storyboard */,
				EA4BDFCC234CEE33009E92C6 /* Assets.xcassets */,
				EA4BDFCE234CEE33009E92C6 /* LaunchScreen.storyboard */,
				EA4BDFD1234CEE33009E92C6 /* Info.plist */,
			);
			path = "Supporting Files";
			sourceTree = "<group>";
		};
/* End PBXGroup section */

/* Begin PBXNativeTarget section */
		EA4BDFC1234CEE32009E92C6 /* SelectableLabel */ = {
			isa = PBXNativeTarget;
			buildConfigurationList = EA4BDFD4234CEE33009E92C6 /* Build configuration list for PBXNativeTarget "SelectableLabel" */;
			buildPhases = (
				EA4BDFBE234CEE32009E92C6 /* Sources */,
				EA4BDFBF234CEE32009E92C6 /* Frameworks */,
				EA4BDFC0234CEE32009E92C6 /* Resources */,
			);
			buildRules = (
			);
			dependencies = (
			);
			name = SelectableLabel;
			productName = SelectableLabel;
			productReference = EA4BDFC2234CEE32009E92C6 /* SelectableLabel.app */;
			productType = "com.apple.product-type.application";
		};
/* End PBXNativeTarget section */

/* Begin PBXProject section */
		EA4BDFBA234CEE32009E92C6 /* Project object */ = {
			isa = PBXProject;
			attributes = {
				LastSwiftUpdateCheck = 1030;
				LastUpgradeCheck = 1030;
				ORGANIZATIONNAME = TAB;
				TargetAttributes = {
					EA4BDFC1234CEE32009E92C6 = {
						CreatedOnToolsVersion = 10.3;
					};
				};
			};
			buildConfigurationList = EA4BDFBD234CEE32009E92C6 /* Build configuration list for PBXProject "SelectableLabel" */;
			compatibilityVersion = "Xcode 9.3";
			developmentRegion = en;
			hasScannedForEncodings = 0;
			knownRegions = (
				en,
				Base,
			);
			mainGroup = EA4BDFB9234CEE32009E92C6;
			productRefGroup = EA4BDFC3234CEE32009E92C6 /* Products */;
			projectDirPath = "";
			projectRoot = "";
			targets = (
				EA4BDFC1234CEE32009E92C6 /* SelectableLabel */,
			);
		};
/* End PBXProject section */

/* Begin PBXResourcesBuildPhase section */
		EA4BDFC0234CEE32009E92C6 /* Resources */ = {
			isa = PBXResourcesBuildPhase;
			buildActionMask = 2147483647;
			files = (
				EA4BDFD0234CEE33009E92C6 /* LaunchScreen.storyboard in Resources */,
				EA4BDFCD234CEE33009E92C6 /* Assets.xcassets in Resources */,
				EA4BDFCB234CEE32009E92C6 /* Main.storyboard in Resources */,
			);
			runOnlyForDeploymentPostprocessing = 0;
		};
/* End PBXResourcesBuildPhase section */

/* Begin PBXSourcesBuildPhase section */
		EA4BDFBE234CEE32009E92C6 /* Sources */ = {
			isa = PBXSourcesBuildPhase;
			buildActionMask = 2147483647;
			files = (
				EA4BDFDA234DEAB7009E92C6 /* AVSpeechSynthesizer+Shared.swift in Sources */,
				EA4BDFC8234CEE32009E92C6 /* ViewController.swift in Sources */,
				EA4BDFD8234CEE51009E92C6 /* SelectableLabel.swift in Sources */,
				EA4BDFC6234CEE32009E92C6 /* AppDelegate.swift in Sources */,
			);
			runOnlyForDeploymentPostprocessing = 0;
		};
/* End PBXSourcesBuildPhase section */

/* Begin PBXVariantGroup section */
		EA4BDFC9234CEE32009E92C6 /* Main.storyboard */ = {
			isa = PBXVariantGroup;
			children = (
				EA4BDFCA234CEE32009E92C6 /* Base */,
			);
			name = Main.storyboard;
			sourceTree = "<group>";
		};
		EA4BDFCE234CEE33009E92C6 /* LaunchScreen.storyboard */ = {
			isa = PBXVariantGroup;
			children = (
				EA4BDFCF234CEE33009E92C6 /* Base */,
			);
			name = LaunchScreen.storyboard;
			sourceTree = "<group>";
		};
/* End PBXVariantGroup section */

/* Begin XCBuildConfiguration section */
		EA4BDFD2234CEE33009E92C6 /* Debug */ = {
			isa = XCBuildConfiguration;
			buildSettings = {
				ALWAYS_SEARCH_USER_PATHS = NO;
				CLANG_ANALYZER_NONNULL = YES;
				CLANG_ANALYZER_NUMBER_OBJECT_CONVERSION = YES_AGGRESSIVE;
				CLANG_CXX_LANGUAGE_STANDARD = "gnu++14";
				CLANG_CXX_LIBRARY = "libc++";
				CLANG_ENABLE_MODULES = YES;
				CLANG_ENABLE_OBJC_ARC = YES;
				CLANG_ENABLE_OBJC_WEAK = YES;
				CLANG_WARN_BLOCK_CAPTURE_AUTORELEASING = YES;
				CLANG_WARN_BOOL_CONVERSION = YES;
				CLANG_WARN_COMMA = YES;
				CLANG_WARN_CONSTANT_CONVERSION = YES;
				CLANG_WARN_DEPRECATED_OBJC_IMPLEMENTATIONS = YES;
				CLANG_WARN_DIRECT_OBJC_ISA_USAGE = YES_ERROR;
				CLANG_WARN_DOCUMENTATION_COMMENTS = YES;
				CLANG_WARN_EMPTY_BODY = YES;
				CLANG_WARN_ENUM_CONVERSION = YES;
				CLANG_WARN_INFINITE_RECURSION = YES;
				CLANG_WARN_INT_CONVERSION = YES;
				CLANG_WARN_NON_LITERAL_NULL_CONVERSION = YES;
				CLANG_WARN_OBJC_IMPLICIT_RETAIN_SELF = YES;
				CLANG_WARN_OBJC_LITERAL_CONVERSION = YES;
				CLANG_WARN_OBJC_ROOT_CLASS = YES_ERROR;
				CLANG_WARN_RANGE_LOOP_ANALYSIS = YES;
				CLANG_WARN_STRICT_PROTOTYPES = YES;
				CLANG_WARN_SUSPICIOUS_MOVE = YES;
				CLANG_WARN_UNGUARDED_AVAILABILITY = YES_AGGRESSIVE;
				CLANG_WARN_UNREACHABLE_CODE = YES;
				CLANG_WARN__DUPLICATE_METHOD_MATCH = YES;
				CODE_SIGN_IDENTITY = "iPhone Developer";
				COPY_PHASE_STRIP = NO;
				DEBUG_INFORMATION_FORMAT = dwarf;
				ENABLE_STRICT_OBJC_MSGSEND = YES;
				ENABLE_TESTABILITY = YES;
				GCC_C_LANGUAGE_STANDARD = gnu11;
				GCC_DYNAMIC_NO_PIC = NO;
				GCC_NO_COMMON_BLOCKS = YES;
				GCC_OPTIMIZATION_LEVEL = 0;
				GCC_PREPROCESSOR_DEFINITIONS = (
					"DEBUG=1",
					"$(inherited)",
				);
				GCC_WARN_64_TO_32_BIT_CONVERSION = YES;
				GCC_WARN_ABOUT_RETURN_TYPE = YES_ERROR;
				GCC_WARN_UNDECLARED_SELECTOR = YES;
				GCC_WARN_UNINITIALIZED_AUTOS = YES_AGGRESSIVE;
				GCC_WARN_UNUSED_FUNCTION = YES;
				GCC_WARN_UNUSED_VARIABLE = YES;
				IPHONEOS_DEPLOYMENT_TARGET = 12.4;
				MTL_ENABLE_DEBUG_INFO = INCLUDE_SOURCE;
				MTL_FAST_MATH = YES;
				ONLY_ACTIVE_ARCH = YES;
				SDKROOT = iphoneos;
				SWIFT_ACTIVE_COMPILATION_CONDITIONS = DEBUG;
				SWIFT_OPTIMIZATION_LEVEL = "-Onone";
			};
			name = Debug;
		};
		EA4BDFD3234CEE33009E92C6 /* Release */ = {
			isa = XCBuildConfiguration;
			buildSettings = {
				ALWAYS_SEARCH_USER_PATHS = NO;
				CLANG_ANALYZER_NONNULL = YES;
				CLANG_ANALYZER_NUMBER_OBJECT_CONVERSION = YES_AGGRESSIVE;
				CLANG_CXX_LANGUAGE_STANDARD = "gnu++14";
				CLANG_CXX_LIBRARY = "libc++";
				CLANG_ENABLE_MODULES = YES;
				CLANG_ENABLE_OBJC_ARC = YES;
				CLANG_ENABLE_OBJC_WEAK = YES;
				CLANG_WARN_BLOCK_CAPTURE_AUTORELEASING = YES;
				CLANG_WARN_BOOL_CONVERSION = YES;
				CLANG_WARN_COMMA = YES;
				CLANG_WARN_CONSTANT_CONVERSION = YES;
				CLANG_WARN_DEPRECATED_OBJC_IMPLEMENTATIONS = YES;
				CLANG_WARN_DIRECT_OBJC_ISA_USAGE = YES_ERROR;
				CLANG_WARN_DOCUMENTATION_COMMENTS = YES;
				CLANG_WARN_EMPTY_BODY = YES;
				CLANG_WARN_ENUM_CONVERSION = YES;
				CLANG_WARN_INFINITE_RECURSION = YES;
				CLANG_WARN_INT_CONVERSION = YES;
				CLANG_WARN_NON_LITERAL_NULL_CONVERSION = YES;
				CLANG_WARN_OBJC_IMPLICIT_RETAIN_SELF = YES;
				CLANG_WARN_OBJC_LITERAL_CONVERSION = YES;
				CLANG_WARN_OBJC_ROOT_CLASS = YES_ERROR;
				CLANG_WARN_RANGE_LOOP_ANALYSIS = YES;
				CLANG_WARN_STRICT_PROTOTYPES = YES;
				CLANG_WARN_SUSPICIOUS_MOVE = YES;
				CLANG_WARN_UNGUARDED_AVAILABILITY = YES_AGGRESSIVE;
				CLANG_WARN_UNREACHABLE_CODE = YES;
				CLANG_WARN__DUPLICATE_METHOD_MATCH = YES;
				CODE_SIGN_IDENTITY = "iPhone Developer";
				COPY_PHASE_STRIP = NO;
				DEBUG_INFORMATION_FORMAT = "dwarf-with-dsym";
				ENABLE_NS_ASSERTIONS = NO;
				ENABLE_STRICT_OBJC_MSGSEND = YES;
				GCC_C_LANGUAGE_STANDARD = gnu11;
				GCC_NO_COMMON_BLOCKS = YES;
				GCC_WARN_64_TO_32_BIT_CONVERSION = YES;
				GCC_WARN_ABOUT_RETURN_TYPE = YES_ERROR;
				GCC_WARN_UNDECLARED_SELECTOR = YES;
				GCC_WARN_UNINITIALIZED_AUTOS = YES_AGGRESSIVE;
				GCC_WARN_UNUSED_FUNCTION = YES;
				GCC_WARN_UNUSED_VARIABLE = YES;
				IPHONEOS_DEPLOYMENT_TARGET = 12.4;
				MTL_ENABLE_DEBUG_INFO = NO;
				MTL_FAST_MATH = YES;
				SDKROOT = iphoneos;
				SWIFT_COMPILATION_MODE = wholemodule;
				SWIFT_OPTIMIZATION_LEVEL = "-O";
				VALIDATE_PRODUCT = YES;
			};
			name = Release;
		};
		EA4BDFD5234CEE33009E92C6 /* Debug */ = {
			isa = XCBuildConfiguration;
			buildSettings = {
				ASSETCATALOG_COMPILER_APPICON_NAME = AppIcon;
				CODE_SIGN_STYLE = Manual;
				DEVELOPMENT_TEAM = "";
				INFOPLIST_FILE = "SelectableLabel/Supporting Files/Info.plist";
				LD_RUNPATH_SEARCH_PATHS = (
					"$(inherited)",
					"@executable_path/Frameworks",
				);
				PRODUCT_BUNDLE_IDENTIFIER = com.sdods.SelectableLabel;
				PRODUCT_NAME = "$(TARGET_NAME)";
				PROVISIONING_PROFILE_SPECIFIER = "";
				SWIFT_VERSION = 5.0;
				TARGETED_DEVICE_FAMILY = "1,2";
			};
			name = Debug;
		};
		EA4BDFD6234CEE33009E92C6 /* Release */ = {
			isa = XCBuildConfiguration;
			buildSettings = {
				ASSETCATALOG_COMPILER_APPICON_NAME = AppIcon;
				CODE_SIGN_STYLE = Manual;
				DEVELOPMENT_TEAM = "";
				INFOPLIST_FILE = "SelectableLabel/Supporting Files/Info.plist";
				LD_RUNPATH_SEARCH_PATHS = (
					"$(inherited)",
					"@executable_path/Frameworks",
				);
				PRODUCT_BUNDLE_IDENTIFIER = com.sdods.SelectableLabel;
				PRODUCT_NAME = "$(TARGET_NAME)";
				PROVISIONING_PROFILE_SPECIFIER = "";
				SWIFT_VERSION = 5.0;
				TARGETED_DEVICE_FAMILY = "1,2";
			};
			name = Release;
		};
/* End XCBuildConfiguration section */

/* Begin XCConfigurationList section */
		EA4BDFBD234CEE32009E92C6 /* Build configuration list for PBXProject "SelectableLabel" */ = {
			isa = XCConfigurationList;
			buildConfigurations = (
				EA4BDFD2234CEE33009E92C6 /* Debug */,
				EA4BDFD3234CEE33009E92C6 /* Release */,
			);
			defaultConfigurationIsVisible = 0;
			defaultConfigurationName = Release;
		};
		EA4BDFD4234CEE33009E92C6 /* Build configuration list for PBXNativeTarget "SelectableLabel" */ = {
			isa = XCConfigurationList;
			buildConfigurations = (
				EA4BDFD5234CEE33009E92C6 /* Debug */,
				EA4BDFD6234CEE33009E92C6 /* Release */,
			);
			defaultConfigurationIsVisible = 0;
			defaultConfigurationName = Release;
		};
/* End XCConfigurationList section */
	};
	rootObject = EA4BDFBA234CEE32009E92C6 /* Project object */;
}
